
Microsoft Visual Studio Solution File, Format Version 12.00
# Visual Studio Version 17
VisualStudioVersion = 17.0.31903.59
MinimumVisualStudioVersion = 10.0.40219.1
Project("{FAE04EC0-301F-11D3-BF4B-00C04F79EFBC}") = "MineStarter", "MineStarter\MineStarter.csproj", "{924C06BC-B9E4-467A-A499-36BB00697FB6}"
EndProject
Project("{FAE04EC0-301F-11D3-BF4B-00C04F79EFBC}") = "HandshakeHelper", "HandshakeHelper\HandshakeHelper.csproj", "{99F5842F-8165-4ED1-9DEC-E8E4CB902B02}"
EndProject
Global
	GlobalSection(SolutionProperties) = preSolution
		HideSolutionNode = FALSE
	EndGlobalSection
	GlobalSection(SolutionConfigurationPlatforms) = preSolution
		Debug|Any CPU = Debug|Any CPU
		Debug|x64 = Debug|x64
		Debug|x86 = Debug|x86
		Release|Any CPU = Release|Any CPU
		Release|x64 = Release|x64
		Release|x86 = Release|x86
	EndGlobalSection
	GlobalSection(ProjectConfigurationPlatforms) = postSolution
		{924C06BC-B9E4-467A-A499-36BB00697FB6}.Debug|Any CPU.ActiveCfg = Debug|Any CPU
		{924C06BC-B9E4-467A-A499-36BB00697FB6}.Debug|Any CPU.Build.0 = Debug|Any CPU
		{924C06BC-B9E4-467A-A499-36BB00697FB6}.Debug|x64.ActiveCfg = Debug|Any CPU
		{924C06BC-B9E4-467A-A499-36BB00697FB6}.Debug|x64.Build.0 = Debug|Any CPU
		{924C06BC-B9E4-467A-A499-36BB00697FB6}.Debug|x86.ActiveCfg = Debug|Any CPU
		{924C06BC-B9E4-467A-A499-36BB00697FB6}.Debug|x86.Build.0 = Debug|Any CPU
		{924C06BC-B9E4-467A-A499-36BB00697FB6}.Release|Any CPU.ActiveCfg = Release|Any CPU
		{924C06BC-B9E4-467A-A499-36BB00697FB6}.Release|Any CPU.Build.0 = Release|Any CPU
		{924C06BC-B9E4-467A-A499-36BB00697FB6}.Release|x64.ActiveCfg = Release|Any CPU
		{924C06BC-B9E4-467A-A499-36BB00697FB6}.Release|x64.Build.0 = Release|Any CPU
		{924C06BC-B9E4-467A-A499-36BB00697FB6}.Release|x86.ActiveCfg = Release|Any CPU
		{924C06BC-B9E4-467A-A499-36BB00697FB6}.Release|x86.Build.0 = Release|Any CPU
		{BE1E276E-9A77-4992-A4D1-93C76AC3CBCF}.Debug|Any CPU.ActiveCfg = Debug|Any CPU
		{BE1E276E-9A77-4992-A4D1-93C76AC3CBCF}.Debug|Any CPU.Build.0 = Debug|Any CPU
		{BE1E276E-9A77-4992-A4D1-93C76AC3CBCF}.Debug|x64.ActiveCfg = Debug|Any CPU
		{BE1E276E-9A77-4992-A4D1-93C76AC3CBCF}.Debug|x64.Build.0 = Debug|Any CPU
		{BE1E276E-9A77-4992-A4D1-93C76AC3CBCF}.Debug|x86.ActiveCfg = Debug|Any CPU
		{BE1E276E-9A77-4992-A4D1-93C76AC3CBCF}.Debug|x86.Build.0 = Debug|Any CPU
		{BE1E276E-9A77-4992-A4D1-93C76AC3CBCF}.Release|Any CPU.ActiveCfg = Release|Any CPU
		{BE1E276E-9A77-4992-A4D1-93C76AC3CBCF}.Release|Any CPU.Build.0 = Release|Any CPU
		{BE1E276E-9A77-4992-A4D1-93C76AC3CBCF}.Release|x64.ActiveCfg = Release|Any CPU
		{BE1E276E-9A77-4992-A4D1-93C76AC3CBCF}.Release|x64.Build.0 = Release|Any CPU
		{BE1E276E-9A77-4992-A4D1-93C76AC3CBCF}.Release|x86.ActiveCfg = Release|Any CPU
		{BE1E276E-9A77-4992-A4D1-93C76AC3CBCF}.Release|x86.Build.0 = Release|Any CPU
		{99F5842F-8165-4ED1-9DEC-E8E4CB902B02}.Debug|Any CPU.ActiveCfg = Debug|Any CPU
		{99F5842F-8165-4ED1-9DEC-E8E4CB902B02}.Debug|Any CPU.Build.0 = Debug|Any CPU
		{99F5842F-8165-4ED1-9DEC-E8E4CB902B02}.Debug|x64.ActiveCfg = Debug|Any CPU
		{99F5842F-8165-4ED1-9DEC-E8E4CB902B02}.Debug|x64.Build.0 = Debug|Any CPU
		{99F5842F-8165-4ED1-9DEC-E8E4CB902B02}.Debug|x86.ActiveCfg = Debug|Any CPU
		{99F5842F-8165-4ED1-9DEC-E8E4CB902B02}.Debug|x86.Build.0 = Debug|Any CPU
		{99F5842F-8165-4ED1-9DEC-E8E4CB902B02}.Release|Any CPU.ActiveCfg = Release|Any CPU
		{99F5842F-8165-4ED1-9DEC-E8E4CB902B02}.Release|Any CPU.Build.0 = Release|Any CPU
		{99F5842F-8165-4ED1-9DEC-E8E4CB902B02}.Release|x64.ActiveCfg = Release|Any CPU
		{99F5842F-8165-4ED1-9DEC-E8E4CB902B02}.Release|x64.Build.0 = Release|Any CPU
		{99F5842F-8165-4ED1-9DEC-E8E4CB902B02}.Release|x86.ActiveCfg = Release|Any CPU
		{99F5842F-8165-4ED1-9DEC-E8E4CB902B02}.Release|x86.Build.0 = Release|Any CPU
	EndGlobalSection
EndGlobal
